Microsoft Visual Studio Solution File, Format Version 11.00
# Visual Studio 2008

Project("{7215729E-18C6-AED4-BED9-FA36D42CDC69}") = "VirtuaMecha", "Assembly-CSharp.csproj", "{8CD71343-8841-EEDC-FCC0-3223FC95A09F}"
EndProject
Global
	GlobalSection(SolutionConfigurationPlatforms) = preSolution
		Debug|Any CPU = Debug|Any CPU
		Release|Any CPU = Release|Any CPU
	EndGlobalSection
	GlobalSection(ProjectConfigurationPlatforms) = postSolution
		{8CD71343-8841-EEDC-FCC0-3223FC95A09F}.Debug|Any CPU.ActiveCfg = Debug|Any CPU
		{8CD71343-8841-EEDC-FCC0-3223FC95A09F}.Debug|Any CPU.Build.0 = Debug|Any CPU
		{8CD71343-8841-EEDC-FCC0-3223FC95A09F}.Release|Any CPU.ActiveCfg = Release|Any CPU
		{8CD71343-8841-EEDC-FCC0-3223FC95A09F}.Release|Any CPU.Build.0 = Release|Any CPU
	EndGlobalSection
	GlobalSection(SolutionProperties) = preSolution
		HideSolutionNode = FALSE
	EndGlobalSection
	GlobalSection(MonoDevelopProperties) = preSolution
		StartupItem = Assembly-CSharp.csproj
	EndGlobalSection
EndGlobal
