
Microsoft Visual Studio Solution File, Format Version 12.00
# Visual Studio 2015
Project("{FAE04EC0-301F-11D3-BF4B-00C04F79EFBC}") = "VirtuaMecha.CSharp.Plugins", "VirtuaMecha.CSharp.Plugins.csproj", "{4B8B7FD0-5D49-9A76-5535-049FA5158E23}"
EndProject
Project("{FAE04EC0-301F-11D3-BF4B-00C04F79EFBC}") = "VirtuaMecha.CSharp", "VirtuaMecha.CSharp.csproj", "{127CDF4B-0142-A2A9-7CCB-2240FEE1B224}"
EndProject
Project("{FAE04EC0-301F-11D3-BF4B-00C04F79EFBC}") = "VirtuaMecha.CSharp.Editor", "VirtuaMecha.CSharp.Editor.csproj", "{514E20B8-7DD9-C032-E15F-9D6F967E5C0C}"
EndProject
Global
	GlobalSection(SolutionConfigurationPlatforms) = preSolution
		Debug|Any CPU = Debug|Any CPU
		Release|Any CPU = Release|Any CPU
	EndGlobalSection
	GlobalSection(ProjectConfigurationPlatforms) = postSolution
		{4B8B7FD0-5D49-9A76-5535-049FA5158E23}.Debug|Any CPU.ActiveCfg = Debug|Any CPU
		{4B8B7FD0-5D49-9A76-5535-049FA5158E23}.Debug|Any CPU.Build.0 = Debug|Any CPU
		{4B8B7FD0-5D49-9A76-5535-049FA5158E23}.Release|Any CPU.ActiveCfg = Release|Any CPU
		{4B8B7FD0-5D49-9A76-5535-049FA5158E23}.Release|Any CPU.Build.0 = Release|Any CPU
		{127CDF4B-0142-A2A9-7CCB-2240FEE1B224}.Debug|Any CPU.ActiveCfg = Debug|Any CPU
		{127CDF4B-0142-A2A9-7CCB-2240FEE1B224}.Debug|Any CPU.Build.0 = Debug|Any CPU
		{127CDF4B-0142-A2A9-7CCB-2240FEE1B224}.Release|Any CPU.ActiveCfg = Release|Any CPU
		{127CDF4B-0142-A2A9-7CCB-2240FEE1B224}.Release|Any CPU.Build.0 = Release|Any CPU
		{514E20B8-7DD9-C032-E15F-9D6F967E5C0C}.Debug|Any CPU.ActiveCfg = Debug|Any CPU
		{514E20B8-7DD9-C032-E15F-9D6F967E5C0C}.Debug|Any CPU.Build.0 = Debug|Any CPU
		{514E20B8-7DD9-C032-E15F-9D6F967E5C0C}.Release|Any CPU.ActiveCfg = Release|Any CPU
		{514E20B8-7DD9-C032-E15F-9D6F967E5C0C}.Release|Any CPU.Build.0 = Release|Any CPU
	EndGlobalSection
	GlobalSection(SolutionProperties) = preSolution
		HideSolutionNode = FALSE
	EndGlobalSection
EndGlobal
